version: 6
environments:
  default:
    channels:
    - url: https://conda.anaconda.org/conda-forge/
    indexes:
    - https://pypi.org/simple
    options:
      pypi-prerelease-mode: if-necessary-or-explicit
    packages:
      win-64:
      - conda: https://conda.anaconda.org/conda-forge/win-64/bzip2-1.0.8-h0ad9c76_8.conda
      - conda: https://conda.anaconda.org/conda-forge/noarch/ca-certificates-2026.1.4-h4c7d964_0.conda
      - conda: https://conda.anaconda.org/conda-forge/win-64/libexpat-2.7.3-hac47afa_0.conda
      - conda: https://conda.anaconda.org/conda-forge/win-64/libffi-3.5.2-h52bdfb6_0.conda
      - conda: https://conda.anaconda.org/conda-forge/win-64/liblzma-5.8.2-hfd05255_0.conda
      - conda: https://conda.anaconda.org/conda-forge/win-64/libsqlite-3.51.2-hf5d6505_0.conda
      - conda: https://conda.anaconda.org/conda-forge/win-64/libzlib-1.3.1-h2466b09_2.conda
      - conda: https://conda.anaconda.org/conda-forge/win-64/openssl-3.6.0-h725018a_0.conda
      - conda: https://conda.anaconda.org/conda-forge/win-64/python-3.12.12-h0159041_1_cpython.conda
      - conda: https://conda.anaconda.org/conda-forge/win-64/tk-8.6.13-h2c6b04d_3.conda
      - conda: https://conda.anaconda.org/conda-forge/noarch/tzdata-2025c-hc9c84f9_1.conda
      - conda: https://conda.anaconda.org/conda-forge/win-64/ucrt-10.0.26100.0-h57928b3_0.conda
      - conda: https://conda.anaconda.org/conda-forge/win-64/vc-14.3-h41ae7f8_34.conda
      - conda: https://conda.anaconda.org/conda-forge/win-64/vc14_runtime-14.44.35208-h818238b_34.conda
      - conda: https://conda.anaconda.org/conda-forge/win-64/vcomp14-14.44.35208-h818238b_34.conda
      - pypi: https://files.pythonhosted.org/packages/b5/36/7fb70f04bf00bc646cd5bb45aa9eddb15e19437a28b8fb2b4a5249fac770/filelock-3.20.3-py3-none-any.whl
      - pypi: https://files.pythonhosted.org/packages/01/c9/97cc5aae1648dcb851958a3ddf73ccd7dbe5650d95203ecb4d7720b4cdbf/fsspec-2026.1.0-py3-none-any.whl
      - pypi: https://files.pythonhosted.org/packages/62/a1/3d680cbfd5f4b8f15abc1d571870c5fc3e594bb582bc3b64ea099db13e56/jinja2-3.1.6-py3-none-any.whl
      - pypi: https://files.pythonhosted.org/packages/aa/5b/bec5aa9bbbb2c946ca2733ef9c4ca91c91b6a24580193e891b5f7dbe8e1e/markupsafe-3.0.3-cp312-cp312-win_amd64.whl
      - pypi: https://files.pythonhosted.org/packages/43/e3/7d92a15f894aa0c9c4b49b8ee9ac9850d6e63b03c9c32c0367a13ae62209/mpmath-1.3.0-py3-none-any.whl
      - pypi: https://files.pythonhosted.org/packages/9e/c9/b2622292ea83fbb4ec318f5b9ab867d0a28ab43c5717bb85b0a5f6b3b0a4/networkx-3.6.1-py3-none-any.whl
      - pypi: https://files.pythonhosted.org/packages/51/cf/52a703dbeb0c65807540d29699fef5fda073434ff61846a564d5c296420f/numpy-2.4.1-cp312-cp312-win_amd64.whl
      - pypi: https://files.pythonhosted.org/packages/a7/87/90b358775a3f02765d87655237229ba64a997b87efa8ccaca7dd3e36e7a7/pillow-12.1.0-cp312-cp312-win_amd64.whl
      - pypi: https://files.pythonhosted.org/packages/e0/76/f963c61683a39084aa575f98089253e1e852a4417cb8a3a8a422923a5246/setuptools-80.10.1-py3-none-any.whl
      - pypi: https://files.pythonhosted.org/packages/a2/09/77d55d46fd61b4a135c444fc97158ef34a095e5681d0a6c10b75bf356191/sympy-1.14.0-py3-none-any.whl
      - pypi: https://download.pytorch.org/whl/cu128/torch-2.10.0%2Bcu128-cp312-cp312-win_amd64.whl
      - pypi: https://download.pytorch.org/whl/cu128/torchaudio-2.10.0%2Bcu128-cp312-cp312-win_amd64.whl
      - pypi: https://download.pytorch.org/whl/cu128/torchvision-0.25.0%2Bcu128-cp312-cp312-win_amd64.whl
      - pypi: https://files.pythonhosted.org/packages/18/67/36e9267722cc04a6b9f15c7f3441c2363321a3ea07da7ae0c0707beb2a9c/typing_extensions-4.15.0-py3-none-any.whl
packages:
- conda: https://conda.anaconda.org/conda-forge/win-64/bzip2-1.0.8-h0ad9c76_8.conda
  sha256: d882712855624641f48aa9dc3f5feea2ed6b4e6004585d3616386a18186fe692
  md5: 1077e9333c41ff0be8edd1a5ec0ddace
  depends:
  - ucrt >=10.0.20348.0
  - vc >=14.3,<15
  - vc14_runtime >=14.44.35208
  license: bzip2-1.0.6
  license_family: BSD
  purls: []
  size: 55977
  timestamp: 1757437738856
- conda: https://conda.anaconda.org/conda-forge/noarch/ca-certificates-2026.1.4-h4c7d964_0.conda
  sha256: 4ddcb01be03f85d3db9d881407fb13a673372f1b9fac9c836ea441893390e049
  md5: 84d389c9eee640dda3d26fc5335c67d8
  depends:
  - __win
  license: ISC
  purls: []
  size: 147139
  timestamp: 1767500904211
- pypi: https://files.pythonhosted.org/packages/b5/36/7fb70f04bf00bc646cd5bb45aa9eddb15e19437a28b8fb2b4a5249fac770/filelock-3.20.3-py3-none-any.whl
  name: filelock
  version: 3.20.3
  sha256: 4b0dda527ee31078689fc205ec4f1c1bf7d56cf88b6dc9426c4f230e46c2dce1
  requires_python: '>=3.10'
- pypi: https://files.pythonhosted.org/packages/01/c9/97cc5aae1648dcb851958a3ddf73ccd7dbe5650d95203ecb4d7720b4cdbf/fsspec-2026.1.0-py3-none-any.whl
  name: fsspec
  version: 2026.1.0
  sha256: cb76aa913c2285a3b49bdd5fc55b1d7c708d7208126b60f2eb8194fe1b4cbdcc
  requires_dist:
  - adlfs ; extra == 'abfs'
  - adlfs ; extra == 'adl'
  - pyarrow>=1 ; extra == 'arrow'
  - dask ; extra == 'dask'
  - distributed ; extra == 'dask'
  - pre-commit ; extra == 'dev'
  - ruff>=0.5 ; extra == 'dev'
  - numpydoc ; extra == 'doc'
  - sphinx ; extra == 'doc'
  - sphinx-design ; extra == 'doc'
  - sphinx-rtd-theme ; extra == 'doc'
  - yarl ; extra == 'doc'
  - dropbox ; extra == 'dropbox'
  - dropboxdrivefs ; extra == 'dropbox'
  - requests ; extra == 'dropbox'
  - adlfs ; extra == 'full'
  - aiohttp!=4.0.0a0,!=4.0.0a1 ; extra == 'full'
  - dask ; extra == 'full'
  - distributed ; extra == 'full'
  - dropbox ; extra == 'full'
  - dropboxdrivefs ; extra == 'full'
  - fusepy ; extra == 'full'
  - gcsfs>2024.2.0 ; extra == 'full'
  - libarchive-c ; extra == 'full'
  - ocifs ; extra == 'full'
  - panel ; extra == 'full'
  - paramiko ; extra == 'full'
  - pyarrow>=1 ; extra == 'full'
  - pygit2 ; extra == 'full'
  - requests ; extra == 'full'
  - s3fs>2024.2.0 ; extra == 'full'
  - smbprotocol ; extra == 'full'
  - tqdm ; extra == 'full'
  - fusepy ; extra == 'fuse'
  - gcsfs ; extra == 'gcs'
  - pygit2 ; extra == 'git'
  - requests ; extra == 'github'
  - gcsfs ; extra == 'gs'
  - panel ; extra == 'gui'
  - pyarrow>=1 ; extra == 'hdfs'
  - aiohttp!=4.0.0a0,!=4.0.0a1 ; extra == 'http'
  - libarchive-c ; extra == 'libarchive'
  - ocifs ; extra == 'oci'
  - s3fs ; extra == 's3'
  - paramiko ; extra == 'sftp'
  - smbprotocol ; extra == 'smb'
  - paramiko ; extra == 'ssh'
  - aiohttp!=4.0.0a0,!=4.0.0a1 ; extra == 'test'
  - numpy ; extra == 'test'
  - pytest ; extra == 'test'
  - pytest-asyncio!=0.22.0 ; extra == 'test'
  - pytest-benchmark ; extra == 'test'
  - pytest-cov ; extra == 'test'
  - pytest-mock ; extra == 'test'
  - pytest-recording ; extra == 'test'
  - pytest-rerunfailures ; extra == 'test'
  - requests ; extra == 'test'
  - aiobotocore>=2.5.4,<3.0.0 ; extra == 'test-downstream'
  - dask[dataframe,test] ; extra == 'test-downstream'
  - moto[server]>4,<5 ; extra == 'test-downstream'
  - pytest-timeout ; extra == 'test-downstream'
  - xarray ; extra == 'test-downstream'
  - adlfs ; extra == 'test-full'
  - aiohttp!=4.0.0a0,!=4.0.0a1 ; extra == 'test-full'
  - backports-zstd ; python_full_version < '3.14' and extra == 'test-full'
  - cloudpickle ; extra == 'test-full'
  - dask ; extra == 'test-full'
  - distributed ; extra == 'test-full'
  - dropbox ; extra == 'test-full'
  - dropboxdrivefs ; extra == 'test-full'
  - fastparquet ; extra == 'test-full'
  - fusepy ; extra == 'test-full'
  - gcsfs ; extra == 'test-full'
  - jinja2 ; extra == 'test-full'
  - kerchunk ; extra == 'test-full'
  - libarchive-c ; extra == 'test-full'
  - lz4 ; extra == 'test-full'
  - notebook ; extra == 'test-full'
  - numpy ; extra == 'test-full'
  - ocifs ; extra == 'test-full'
  - pandas ; extra == 'test-full'
  - panel ; extra == 'test-full'
  - paramiko ; extra == 'test-full'
  - pyarrow ; extra == 'test-full'
  - pyarrow>=1 ; extra == 'test-full'
  - pyftpdlib ; extra == 'test-full'
  - pygit2 ; extra == 'test-full'
  - pytest ; extra == 'test-full'
  - pytest-asyncio!=0.22.0 ; extra == 'test-full'
  - pytest-benchmark ; extra == 'test-full'
  - pytest-cov ; extra == 'test-full'
  - pytest-mock ; extra == 'test-full'
  - pytest-recording ; extra == 'test-full'
  - pytest-rerunfailures ; extra == 'test-full'
  - python-snappy ; extra == 'test-full'
  - requests ; extra == 'test-full'
  - smbprotocol ; extra == 'test-full'
  - tqdm ; extra == 'test-full'
  - urllib3 ; extra == 'test-full'
  - zarr ; extra == 'test-full'
  - tqdm ; extra == 'tqdm'
  requires_python: '>=3.10'
- pypi: https://files.pythonhosted.org/packages/62/a1/3d680cbfd5f4b8f15abc1d571870c5fc3e594bb582bc3b64ea099db13e56/jinja2-3.1.6-py3-none-any.whl
  name: jinja2
  version: 3.1.6
  sha256: 85ece4451f492d0c13c5dd7c13a64681a86afae63a5f347908daf103ce6d2f67
  requires_dist:
  - markupsafe>=2.0
  - babel>=2.7 ; extra == 'i18n'
  requires_python: '>=3.7'
- conda: https://conda.anaconda.org/conda-forge/win-64/libexpat-2.7.3-hac47afa_0.conda
  sha256: 844ab708594bdfbd7b35e1a67c379861bcd180d6efe57b654f482ae2f7f5c21e
  md5: 8c9e4f1a0e688eef2e95711178061a0f
  depends:
  - ucrt >=10.0.20348.0
  - vc >=14.3,<15
  - vc14_runtime >=14.44.35208
  constrains:
  - expat 2.7.3.*
  license: MIT
  license_family: MIT
  purls: []
  size: 70137
  timestamp: 1763550049107
- conda: https://conda.anaconda.org/conda-forge/win-64/libffi-3.5.2-h52bdfb6_0.conda
  sha256: ddff25aaa4f0aa535413f5d831b04073789522890a4d8626366e43ecde1534a3
  md5: ba4ad812d2afc22b9a34ce8327a0930f
  depends:
  - ucrt >=10.0.20348.0
  - vc >=14.3,<15
  - vc14_runtime >=14.44.35208
  license: MIT
  license_family: MIT
  purls: []
  size: 44866
  timestamp: 1760295760649
- conda: https://conda.anaconda.org/conda-forge/win-64/liblzma-5.8.2-hfd05255_0.conda
  sha256: f25bf293f550c8ed2e0c7145eb404324611cfccff37660869d97abf526eb957c
  md5: ba0bfd4c3cf73f299ffe46ff0eaeb8e3
  depends:
  - ucrt >=10.0.20348.0
  - vc >=14.3,<15
  - vc14_runtime >=14.44.35208
  constrains:
  - xz 5.8.2.*
  license: 0BSD
  purls: []
  size: 106169
  timestamp: 1768752763559
- conda: https://conda.anaconda.org/conda-forge/win-64/libsqlite-3.51.2-hf5d6505_0.conda
  sha256: 756478128e3e104bd7e7c3ce6c1b0efad7e08c7320c69fdc726e039323c63fbb
  md5: 903979414b47d777d548e5f0165e6cd8
  depends:
  - ucrt >=10.0.20348.0
  - vc >=14.3,<15
  - vc14_runtime >=14.44.35208
  license: blessing
  purls: []
  size: 1291616
  timestamp: 1768148278261
- conda: https://conda.anaconda.org/conda-forge/win-64/libzlib-1.3.1-h2466b09_2.conda
  sha256: ba945c6493449bed0e6e29883c4943817f7c79cbff52b83360f7b341277c6402
  md5: 41fbfac52c601159df6c01f875de31b9
  depends:
  - ucrt >=10.0.20348.0
  - vc >=14.2,<15
  - vc14_runtime >=14.29.30139
  constrains:
  - zlib 1.3.1 *_2
  license: Zlib
  license_family: Other
  purls: []
  size: 55476
  timestamp: 1727963768015
- pypi: https://files.pythonhosted.org/packages/aa/5b/bec5aa9bbbb2c946ca2733ef9c4ca91c91b6a24580193e891b5f7dbe8e1e/markupsafe-3.0.3-cp312-cp312-win_amd64.whl
  name: markupsafe
  version: 3.0.3
  sha256: 26a5784ded40c9e318cfc2bdb30fe164bdb8665ded9cd64d500a34fb42067b1c
  requires_python: '>=3.9'
- pypi: https://files.pythonhosted.org/packages/43/e3/7d92a15f894aa0c9c4b49b8ee9ac9850d6e63b03c9c32c0367a13ae62209/mpmath-1.3.0-py3-none-any.whl
  name: mpmath
  version: 1.3.0
  sha256: a0b2b9fe80bbcd81a6647ff13108738cfb482d481d826cc0e02f5b35e5c88d2c
  requires_dist:
  - pytest>=4.6 ; extra == 'develop'
  - pycodestyle ; extra == 'develop'
  - pytest-cov ; extra == 'develop'
  - codecov ; extra == 'develop'
  - wheel ; extra == 'develop'
  - sphinx ; extra == 'docs'
  - gmpy2>=2.1.0a4 ; platform_python_implementation != 'PyPy' and extra == 'gmpy'
  - pytest>=4.6 ; extra == 'tests'
- pypi: https://files.pythonhosted.org/packages/9e/c9/b2622292ea83fbb4ec318f5b9ab867d0a28ab43c5717bb85b0a5f6b3b0a4/networkx-3.6.1-py3-none-any.whl
  name: networkx
  version: 3.6.1
  sha256: d47fbf302e7d9cbbb9e2555a0d267983d2aa476bac30e90dfbe5669bd57f3762
  requires_dist:
  - asv ; extra == 'benchmarking'
  - virtualenv ; extra == 'benchmarking'
  - numpy>=1.25 ; extra == 'default'
  - scipy>=1.11.2 ; extra == 'default'
  - matplotlib>=3.8 ; extra == 'default'
  - pandas>=2.0 ; extra == 'default'
  - pre-commit>=4.1 ; extra == 'developer'
  - mypy>=1.15 ; extra == 'developer'
  - sphinx>=8.0 ; extra == 'doc'
  - pydata-sphinx-theme>=0.16 ; extra == 'doc'
  - sphinx-gallery>=0.18 ; extra == 'doc'
  - numpydoc>=1.8.0 ; extra == 'doc'
  - pillow>=10 ; extra == 'doc'
  - texext>=0.6.7 ; extra == 'doc'
  - myst-nb>=1.1 ; extra == 'doc'
  - intersphinx-registry ; extra == 'doc'
  - osmnx>=2.0.0 ; extra == 'example'
  - momepy>=0.7.2 ; extra == 'example'
  - contextily>=1.6 ; extra == 'example'
  - seaborn>=0.13 ; extra == 'example'
  - cairocffi>=1.7 ; extra == 'example'
  - igraph>=0.11 ; extra == 'example'
  - scikit-learn>=1.5 ; extra == 'example'
  - iplotx>=0.9.0 ; extra == 'example'
  - lxml>=4.6 ; extra == 'extra'
  - pygraphviz>=1.14 ; extra == 'extra'
  - pydot>=3.0.1 ; extra == 'extra'
  - sympy>=1.10 ; extra == 'extra'
  - build>=0.10 ; extra == 'release'
  - twine>=4.0 ; extra == 'release'
  - wheel>=0.40 ; extra == 'release'
  - changelist==0.5 ; extra == 'release'
  - pytest>=7.2 ; extra == 'test'
  - pytest-cov>=4.0 ; extra == 'test'
  - pytest-xdist>=3.0 ; extra == 'test'
  - pytest-mpl ; extra == 'test-extras'
  - pytest-randomly ; extra == 'test-extras'
  requires_python: '>=3.11,!=3.14.1'
- pypi: https://files.pythonhosted.org/packages/51/cf/52a703dbeb0c65807540d29699fef5fda073434ff61846a564d5c296420f/numpy-2.4.1-cp312-cp312-win_amd64.whl
  name: numpy
  version: 2.4.1
  sha256: e1a27bb1b2dee45a2a53f5ca6ff2d1a7f135287883a1689e930d44d1ff296c87
  requires_python: '>=3.11'
- conda: https://conda.anaconda.org/conda-forge/win-64/openssl-3.6.0-h725018a_0.conda
  sha256: 6d72d6f766293d4f2aa60c28c244c8efed6946c430814175f959ffe8cab899b3
  md5: 84f8fb4afd1157f59098f618cd2437e4
  depends:
  - ca-certificates
  - ucrt >=10.0.20348.0
  - vc >=14.3,<15
  - vc14_runtime >=14.44.35208
  license: Apache-2.0
  license_family: Apache
  purls: []
  size: 9440812
  timestamp: 1762841722179
- pypi: https://files.pythonhosted.org/packages/a7/87/90b358775a3f02765d87655237229ba64a997b87efa8ccaca7dd3e36e7a7/pillow-12.1.0-cp312-cp312-win_amd64.whl
  name: pillow
  version: 12.1.0
  sha256: d70534cea9e7966169ad29a903b99fc507e932069a881d0965a1a84bb57f6c6d
  requires_dist:
  - furo ; extra == 'docs'
  - olefile ; extra == 'docs'
  - sphinx>=8.2 ; extra == 'docs'
  - sphinx-autobuild ; extra == 'docs'
  - sphinx-copybutton ; extra == 'docs'
  - sphinx-inline-tabs ; extra == 'docs'
  - sphinxext-opengraph ; extra == 'docs'
  - olefile ; extra == 'fpx'
  - olefile ; extra == 'mic'
  - arro3-compute ; extra == 'test-arrow'
  - arro3-core ; extra == 'test-arrow'
  - nanoarrow ; extra == 'test-arrow'
  - pyarrow ; extra == 'test-arrow'
  - check-manifest ; extra == 'tests'
  - coverage>=7.4.2 ; extra == 'tests'
  - defusedxml ; extra == 'tests'
  - markdown2 ; extra == 'tests'
  - olefile ; extra == 'tests'
  - packaging ; extra == 'tests'
  - pyroma>=5 ; extra == 'tests'
  - pytest ; extra == 'tests'
  - pytest-cov ; extra == 'tests'
  - pytest-timeout ; extra == 'tests'
  - pytest-xdist ; extra == 'tests'
  - trove-classifiers>=2024.10.12 ; extra == 'tests'
  - defusedxml ; extra == 'xmp'
  requires_python: '>=3.10'
- conda: https://conda.anaconda.org/conda-forge/win-64/python-3.12.12-h0159041_1_cpython.conda
  build_number: 1
  sha256: 9b163b0426c92eee1881d5c838e230a750a3fa372092db494772886ab91c2548
  md5: 42ae551e4c15837a582bea63412dc0b4
  depends:
  - bzip2 >=1.0.8,<2.0a0
  - libexpat >=2.7.1,<3.0a0
  - libffi >=3.5.2,<3.6.0a0
  - liblzma >=5.8.1,<6.0a0
  - libsqlite >=3.50.4,<4.0a0
  - libzlib >=1.3.1,<2.0a0
  - openssl >=3.5.4,<4.0a0
  - tk >=8.6.13,<8.7.0a0
  - tzdata
  - ucrt >=10.0.20348.0
  - vc >=14.3,<15
  - vc14_runtime >=14.44.35208
  constrains:
  - python_abi 3.12.* *_cp312
  license: Python-2.0
  purls: []
  size: 15883484
  timestamp: 1761175152489
- pypi: https://files.pythonhosted.org/packages/e0/76/f963c61683a39084aa575f98089253e1e852a4417cb8a3a8a422923a5246/setuptools-80.10.1-py3-none-any.whl
  name: setuptools
  version: 80.10.1
  sha256: fc30c51cbcb8199a219c12cc9c281b5925a4978d212f84229c909636d9f6984e
  requires_dist:
  - pytest>=6,!=8.1.* ; extra == 'test'
  - virtualenv>=13.0.0 ; extra == 'test'
  - wheel>=0.44.0 ; extra == 'test'
  - pip>=19.1 ; extra == 'test'
  - packaging>=24.2 ; extra == 'test'
  - jaraco-envs>=2.2 ; extra == 'test'
  - pytest-xdist>=3 ; extra == 'test'
  - jaraco-path>=3.7.2 ; extra == 'test'
  - build[virtualenv]>=1.0.3 ; extra == 'test'
  - filelock>=3.4.0 ; extra == 'test'
  - ini2toml[lite]>=0.14 ; extra == 'test'
  - tomli-w>=1.0.0 ; extra == 'test'
  - pytest-timeout ; extra == 'test'
  - pytest-perf ; sys_platform != 'cygwin' and extra == 'test'
  - pyobjc<12 ; python_full_version < '3.10' and sys_platform == 'darwin' and extra == 'test'
  - jaraco-develop>=7.21 ; python_full_version >= '3.9' and sys_platform != 'cygwin' and extra == 'test'
  - pytest-home>=0.5 ; extra == 'test'
  - pytest-subprocess ; extra == 'test'
  - pyproject-hooks!=1.1 ; extra == 'test'
  - jaraco-test>=5.5 ; extra == 'test'
  - sphinx>=3.5 ; extra == 'doc'
  - jaraco-packaging>=9.3 ; extra == 'doc'
  - rst-linker>=1.9 ; extra == 'doc'
  - furo ; extra == 'doc'
  - sphinx-lint ; extra == 'doc'
  - jaraco-tidelift>=1.4 ; extra == 'doc'
  - pygments-github-lexers==0.0.5 ; extra == 'doc'
  - sphinx-favicon ; extra == 'doc'
  - sphinx-inline-tabs ; extra == 'doc'
  - sphinx-reredirects ; extra == 'doc'
  - sphinxcontrib-towncrier ; extra == 'doc'
  - sphinx-notfound-page>=1,<2 ; extra == 'doc'
  - pyproject-hooks!=1.1 ; extra == 'doc'
  - towncrier<24.7 ; extra == 'doc'
  - packaging>=24.2 ; extra == 'core'
  - more-itertools>=8.8 ; extra == 'core'
  - jaraco-text>=3.7 ; extra == 'core'
  - importlib-metadata>=6 ; python_full_version < '3.10' and extra == 'core'
  - tomli>=2.0.1 ; python_full_version < '3.11' and extra == 'core'
  - wheel>=0.43.0 ; extra == 'core'
  - platformdirs>=4.2.2 ; extra == 'core'
  - jaraco-functools>=4 ; extra == 'core'
  - more-itertools ; extra == 'core'
  - pytest-checkdocs>=2.4 ; extra == 'check'
  - pytest-ruff>=0.2.1 ; sys_platform != 'cygwin' and extra == 'check'
  - ruff>=0.8.0 ; sys_platform != 'cygwin' and extra == 'check'
  - pytest-cov ; extra == 'cover'
  - pytest-enabler>=2.2 ; extra == 'enabler'
  - pytest-mypy ; extra == 'type'
  - mypy==1.14.* ; extra == 'type'
  - importlib-metadata>=7.0.2 ; python_full_version < '3.10' and extra == 'type'
  - jaraco-develop>=7.21 ; sys_platform != 'cygwin' and extra == 'type'
  requires_python: '>=3.9'
- pypi: https://files.pythonhosted.org/packages/a2/09/77d55d46fd61b4a135c444fc97158ef34a095e5681d0a6c10b75bf356191/sympy-1.14.0-py3-none-any.whl
  name: sympy
  version: 1.14.0
  sha256: e091cc3e99d2141a0ba2847328f5479b05d94a6635cb96148ccb3f34671bd8f5
  requires_dist:
  - mpmath>=1.1.0,<1.4
  - pytest>=7.1.0 ; extra == 'dev'
  - hypothesis>=6.70.0 ; extra == 'dev'
  requires_python: '>=3.9'
- conda: https://conda.anaconda.org/conda-forge/win-64/tk-8.6.13-h2c6b04d_3.conda
  sha256: 4581f4ffb432fefa1ac4f85c5682cc27014bcd66e7beaa0ee330e927a7858790
  md5: 7cb36e506a7dba4817970f8adb6396f9
  depends:
  - ucrt >=10.0.20348.0
  - vc >=14.2,<15
  - vc14_runtime >=14.29.30139
  license: TCL
  license_family: BSD
  purls: []
  size: 3472313
  timestamp: 1763055164278
- pypi: https://download.pytorch.org/whl/cu128/torch-2.10.0%2Bcu128-cp312-cp312-win_amd64.whl
  name: torch
  version: 2.10.0+cu128
  sha256: fbde8f6a9ec8c76979a0d14df21c10b9e5cab6f0d106a73ca73e2179bc597cae
  requires_dist:
  - filelock
  - typing-extensions>=4.10.0
  - sympy>=1.13.3
  - networkx>=2.5.1
  - jinja2
  - fsspec>=0.8.5
  - setuptools ; python_full_version >= '3.12'
  - opt-einsum>=3.3 ; extra == 'opt-einsum'
  - optree>=0.13.0 ; extra == 'optree'
  - pyyaml ; extra == 'pyyaml'
  requires_python: '>=3.10'
- pypi: https://download.pytorch.org/whl/cu128/torchaudio-2.10.0%2Bcu128-cp312-cp312-win_amd64.whl
  name: torchaudio
  version: 2.10.0+cu128
  sha256: 9a890dfbc7a3301f5ce7930f3ce452841f0c34e51686609628e99ed52c5cc775
  requires_dist:
  - torch==2.10.0
- pypi: https://download.pytorch.org/whl/cu128/torchvision-0.25.0%2Bcu128-cp312-cp312-win_amd64.whl
  name: torchvision
  version: 0.25.0+cu128
  sha256: 068e519838b4a8b32a09521244b170edd8c2ac9eeb6538b7bf492cd70e57ebf5
  requires_dist:
  - numpy
  - torch==2.10.0
  - pillow>=5.3.0,!=8.3.*
  - gdown>=4.7.3 ; extra == 'gdown'
  - scipy ; extra == 'scipy'
  requires_python: '>=3.10'
- pypi: https://files.pythonhosted.org/packages/18/67/36e9267722cc04a6b9f15c7f3441c2363321a3ea07da7ae0c0707beb2a9c/typing_extensions-4.15.0-py3-none-any.whl
  name: typing-extensions
  version: 4.15.0
  sha256: f0fa19c6845758ab08074a0cfa8b7aecb71c999ca73d62883bc25cc018c4e548
  requires_python: '>=3.9'
- conda: https://conda.anaconda.org/conda-forge/noarch/tzdata-2025c-hc9c84f9_1.conda
  sha256: 1d30098909076af33a35017eed6f2953af1c769e273a0626a04722ac4acaba3c
  md5: ad659d0a2b3e47e38d829aa8cad2d610
  license: LicenseRef-Public-Domain
  purls: []
  size: 119135
  timestamp: 1767016325805
- conda: https://conda.anaconda.org/conda-forge/win-64/ucrt-10.0.26100.0-h57928b3_0.conda
  sha256: 3005729dce6f3d3f5ec91dfc49fc75a0095f9cd23bab49efb899657297ac91a5
  md5: 71b24316859acd00bdb8b38f5e2ce328
  constrains:
  - vc14_runtime >=14.29.30037
  - vs2015_runtime >=14.29.30037
  license: LicenseRef-MicrosoftWindowsSDK10
  purls: []
  size: 694692
  timestamp: 1756385147981
- conda: https://conda.anaconda.org/conda-forge/win-64/vc-14.3-h41ae7f8_34.conda
  sha256: 9dc40c2610a6e6727d635c62cced5ef30b7b30123f5ef67d6139e23d21744b3a
  md5: 1e610f2416b6acdd231c5f573d754a0f
  depends:
  - vc14_runtime >=14.44.35208
  track_features:
  - vc14
  license: BSD-3-Clause
  license_family: BSD
  purls: []
  size: 19356
  timestamp: 1767320221521
- conda: https://conda.anaconda.org/conda-forge/win-64/vc14_runtime-14.44.35208-h818238b_34.conda
  sha256: 02732f953292cce179de9b633e74928037fa3741eb5ef91c3f8bae4f761d32a5
  md5: 37eb311485d2d8b2c419449582046a42
  depends:
  - ucrt >=10.0.20348.0
  - vcomp14 14.44.35208 h818238b_34
  constrains:
  - vs2015_runtime 14.44.35208.* *_34
  license: LicenseRef-MicrosoftVisualCpp2015-2022Runtime
  license_family: Proprietary
  purls: []
  size: 683233
  timestamp: 1767320219644
- conda: https://conda.anaconda.org/conda-forge/win-64/vcomp14-14.44.35208-h818238b_34.conda
  sha256: 878d5d10318b119bd98ed3ed874bd467acbe21996e1d81597a1dbf8030ea0ce6
  md5: 242d9f25d2ae60c76b38a5e42858e51d
  depends:
  - ucrt >=10.0.20348.0
  constrains:
  - vs2015_runtime 14.44.35208.* *_34
  license: LicenseRef-MicrosoftVisualCpp2015-2022Runtime
  license_family: Proprietary
  purls: []
  size: 115235
  timestamp: 1767320173250
